{
    "_meta": {
        "hash": {
            "sha256": "94a6c23a5de46a477155c64a6efed0af0c347aa2ced026abbf589d3a6472604d"
        },
        "pipfile-spec": 6,
        "requires": {
            "python_version": "3.13"
        },
        "sources": [
            {
                "name": "pypi",
                "url": "https://pypi.org/simple",
                "verify_ssl": true
            }
        ]
    },
    "default": {
        "python-statemachine": {
            "hashes": [
                "sha256:1f0cce643c9d17b130dbeb369c293c97d6d0dc25931d45bc8ff667cd7cd67747",
                "sha256:c9efc4ca9e2627b981ab2b6b41af294fe30ae6e7f0ca927b2cd368ea3f1c896c"
            ],
            "index": "pypi",
            "markers": "python_version >= '3.7'",
            "version": "==2.4.0"
        }
    },
    "develop": {}
}
